// !$*UTF8*$!
{
	archiveVersion = 1;
	classes = {
	};
	objectVersion = 46;
	objects = {

/* Begin PBXBuildFile section */
		F834F6A0160763F600BA8F43 /* UIKit.framework in Frameworks */ = {isa = PBXBuildFile; fileRef = F834F69F160763F600BA8F43 /* UIKit.framework */; };
		F834F6A2160763F600BA8F43 /* Foundation.framework in Frameworks */ = {isa = PBXBuildFile; fileRef = F834F6A1160763F600BA8F43 /* Foundation.framework */; };
		F834F6A4160763F600BA8F43 /* CoreGraphics.framework in Frameworks */ = {isa = PBXBuildFile; fileRef = F834F6A3160763F600BA8F43 /* CoreGraphics.framework */; };
		F834F6AA160763F600BA8F43 /* InfoPlist.strings in Resources */ = {isa = PBXBuildFile; fileRef = F834F6A8160763F600BA8F43 /* InfoPlist.strings */; };
		F834F6AC160763F600BA8F43 /* main.m in Sources */ = {isa = PBXBuildFile; fileRef = F834F6AB160763F600BA8F43 /* main.m */; };
		F834F6B0160763F600BA8F43 /* AppDelegate.m in Sources */ = {isa = PBXBuildFile; fileRef = F834F6AF160763F600BA8F43 /* AppDelegate.m */; };
		F834F6B2160763F600BA8F43 /* Default.png in Resources */ = {isa = PBXBuildFile; fileRef = F834F6B1160763F600BA8F43 /* Default.png */; };
		F834F6B4160763F600BA8F43 /* Default@2x.png in Resources */ = {isa = PBXBuildFile; fileRef = F834F6B3160763F600BA8F43 /* Default@2x.png */; };
		F834F6B6160763F600BA8F43 /* Default-568h@2x.png in Resources */ = {isa = PBXBuildFile; fileRef = F834F6B5160763F600BA8F43 /* Default-568h@2x.png */; };
		F834F6B9160763F600BA8F43 /* ViewController.m in Sources */ = {isa = PBXBuildFile; fileRef = F834F6B8160763F600BA8F43 /* ViewController.m */; };
		F834F6BC160763F600BA8F43 /* ViewController.xib in Resources */ = {isa = PBXBuildFile; fileRef = F834F6BA160763F600BA8F43 /* ViewController.xib */; };
		F834F6C31607659E00BA8F43 /* Settings.bundle in Resources */ = {isa = PBXBuildFile; fileRef = F834F6C21607659E00BA8F43 /* Settings.bundle */; };
		F834F6D11607A2AB00BA8F43 /* PancakeURLProtocol.m in Sources */ = {isa = PBXBuildFile; fileRef = F834F6D01607A2AB00BA8F43 /* PancakeURLProtocol.m */; };
		F8596003160B6468003578B8 /* Scrubber.png in Resources */ = {isa = PBXBuildFile; fileRef = F8596002160B6468003578B8 /* Scrubber.png */; };
		F8596008160B730C003578B8 /* WebViewController.m in Sources */ = {isa = PBXBuildFile; fileRef = F8596006160B730C003578B8 /* WebViewController.m */; };
		F8596009160B730C003578B8 /* WebViewController.xib in Resources */ = {isa = PBXBuildFile; fileRef = F8596007160B730C003578B8 /* WebViewController.xib */; };
/* End PBXBuildFile section */

/* Begin PBXFileReference section */
		F834F69B160763F600BA8F43 /* FrenchToast.app */ = {isa = PBXFileReference; explicitFileType = wrapper.application; includeInIndex = 0; path = FrenchToast.app; sourceTree = BUILT_PRODUCTS_DIR; };
		F834F69F160763F600BA8F43 /* UIKit.framework */ = {isa = PBXFileReference; lastKnownFileType = wrapper.framework; name = UIKit.framework; path = System/Library/Frameworks/UIKit.framework; sourceTree = SDKROOT; };
		F834F6A1160763F600BA8F43 /* Foundation.framework */ = {isa = PBXFileReference; lastKnownFileType = wrapper.framework; name = Foundation.framework; path = System/Library/Frameworks/Foundation.framework; sourceTree = SDKROOT; };
		F834F6A3160763F600BA8F43 /* CoreGraphics.framework */ = {isa = PBXFileReference; lastKnownFileType = wrapper.framework; name = CoreGraphics.framework; path = System/Library/Frameworks/CoreGraphics.framework; sourceTree = SDKROOT; };
		F834F6A7160763F600BA8F43 /* FrenchToast-Info.plist */ = {isa = PBXFileReference; lastKnownFileType = text.plist.xml; path = "FrenchToast-Info.plist"; sourceTree = "<group>"; };
		F834F6A9160763F600BA8F43 /* en */ = {isa = PBXFileReference; lastKnownFileType = text.plist.strings; name = en; path = en.lproj/InfoPlist.strings; sourceTree = "<group>"; };
		F834F6AB160763F600BA8F43 /* main.m */ = {isa = PBXFileReference; lastKnownFileType = sourcecode.c.objc; path = main.m; sourceTree = "<group>"; };
		F834F6AD160763F600BA8F43 /* FrenchToast-Prefix.pch */ = {isa = PBXFileReference; lastKnownFileType = sourcecode.c.h; path = "FrenchToast-Prefix.pch"; sourceTree = "<group>"; };
		F834F6AE160763F600BA8F43 /* AppDelegate.h */ = {isa = PBXFileReference; lastKnownFileType = sourcecode.c.h; path = AppDelegate.h; sourceTree = "<group>"; };
		F834F6AF160763F600BA8F43 /* AppDelegate.m */ = {isa = PBXFileReference; lastKnownFileType = sourcecode.c.objc; path = AppDelegate.m; sourceTree = "<group>"; };
		F834F6B1160763F600BA8F43 /* Default.png */ = {isa = PBXFileReference; lastKnownFileType = image.png; path = Default.png; sourceTree = "<group>"; };
		F834F6B3160763F600BA8F43 /* Default@2x.png */ = {isa = PBXFileReference; lastKnownFileType = image.png; path = "Default@2x.png"; sourceTree = "<group>"; };
		F834F6B5160763F600BA8F43 /* Default-568h@2x.png */ = {isa = PBXFileReference; lastKnownFileType = image.png; path = "Default-568h@2x.png"; sourceTree = "<group>"; };
		F834F6B7160763F600BA8F43 /* ViewController.h */ = {isa = PBXFileReference; lastKnownFileType = sourcecode.c.h; path = ViewController.h; sourceTree = "<group>"; };
		F834F6B8160763F600BA8F43 /* ViewController.m */ = {isa = PBXFileReference; lastKnownFileType = sourcecode.c.objc; path = ViewController.m; sourceTree = "<group>"; };
		F834F6BB160763F600BA8F43 /* en */ = {isa = PBXFileReference; lastKnownFileType = file.xib; name = en; path = en.lproj/ViewController.xib; sourceTree = "<group>"; };
		F834F6C21607659E00BA8F43 /* Settings.bundle */ = {isa = PBXFileReference; lastKnownFileType = "wrapper.plug-in"; path = Settings.bundle; sourceTree = "<group>"; };
		F834F6CF1607A2AB00BA8F43 /* PancakeURLProtocol.h */ = {isa = PBXFileReference; fileEncoding = 4; lastKnownFileType = sourcecode.c.h; path = PancakeURLProtocol.h; sourceTree = "<group>"; };
		F834F6D01607A2AB00BA8F43 /* PancakeURLProtocol.m */ = {isa = PBXFileReference; fileEncoding = 4; lastKnownFileType = sourcecode.c.objc; path = PancakeURLProtocol.m; sourceTree = "<group>"; };
		F8596002160B6468003578B8 /* Scrubber.png */ = {isa = PBXFileReference; lastKnownFileType = image.png; path = Scrubber.png; sourceTree = "<group>"; };
		F8596005160B730C003578B8 /* WebViewController.h */ = {isa = PBXFileReference; fileEncoding = 4; lastKnownFileType = sourcecode.c.h; path = WebViewController.h; sourceTree = "<group>"; };
		F8596006160B730C003578B8 /* WebViewController.m */ = {isa = PBXFileReference; fileEncoding = 4; lastKnownFileType = sourcecode.c.objc; path = WebViewController.m; sourceTree = "<group>"; };
		F8596007160B730C003578B8 /* WebViewController.xib */ = {isa = PBXFileReference; fileEncoding = 4; lastKnownFileType = file.xib; path = WebViewController.xib; sourceTree = "<group>"; };
/* End PBXFileReference section */

/* Begin PBXFrameworksBuildPhase section */
		F834F698160763F500BA8F43 /* Frameworks */ = {
			isa = PBXFrameworksBuildPhase;
			buildActionMask = 2147483647;
			files = (
				F834F6A0160763F600BA8F43 /* UIKit.framework in Frameworks */,
				F834F6A2160763F600BA8F43 /* Foundation.framework in Frameworks */,
				F834F6A4160763F600BA8F43 /* CoreGraphics.framework in Frameworks */,
			);
			runOnlyForDeploymentPostprocessing = 0;
		};
/* End PBXFrameworksBuildPhase section */

/* Begin PBXGroup section */
		F834F690160763F500BA8F43 = {
			isa = PBXGroup;
			children = (
				F834F6A5160763F600BA8F43 /* FrenchToast */,
				F834F69E160763F600BA8F43 /* Frameworks */,
				F834F69C160763F600BA8F43 /* Products */,
			);
			sourceTree = "<group>";
		};
		F834F69C160763F600BA8F43 /* Products */ = {
			isa = PBXGroup;
			children = (
				F834F69B160763F600BA8F43 /* FrenchToast.app */,
			);
			name = Products;
			sourceTree = "<group>";
		};
		F834F69E160763F600BA8F43 /* Frameworks */ = {
			isa = PBXGroup;
			children = (
				F834F69F160763F600BA8F43 /* UIKit.framework */,
				F834F6A1160763F600BA8F43 /* Foundation.framework */,
				F834F6A3160763F600BA8F43 /* CoreGraphics.framework */,
			);
			name = Frameworks;
			sourceTree = "<group>";
		};
		F834F6A5160763F600BA8F43 /* FrenchToast */ = {
			isa = PBXGroup;
			children = (
				F834F6CF1607A2AB00BA8F43 /* PancakeURLProtocol.h */,
				F834F6D01607A2AB00BA8F43 /* PancakeURLProtocol.m */,
				F834F6AE160763F600BA8F43 /* AppDelegate.h */,
				F834F6AF160763F600BA8F43 /* AppDelegate.m */,
				F834F6B7160763F600BA8F43 /* ViewController.h */,
				F834F6B8160763F600BA8F43 /* ViewController.m */,
				F834F6BA160763F600BA8F43 /* ViewController.xib */,
				F834F6A6160763F600BA8F43 /* Supporting Files */,
				F8596005160B730C003578B8 /* WebViewController.h */,
				F8596006160B730C003578B8 /* WebViewController.m */,
				F8596007160B730C003578B8 /* WebViewController.xib */,
			);
			path = FrenchToast;
			sourceTree = "<group>";
		};
		F834F6A6160763F600BA8F43 /* Supporting Files */ = {
			isa = PBXGroup;
			children = (
				F834F6A7160763F600BA8F43 /* FrenchToast-Info.plist */,
				F834F6A8160763F600BA8F43 /* InfoPlist.strings */,
				F834F6AB160763F600BA8F43 /* main.m */,
				F834F6AD160763F600BA8F43 /* FrenchToast-Prefix.pch */,
				F834F6B1160763F600BA8F43 /* Default.png */,
				F834F6B3160763F600BA8F43 /* Default@2x.png */,
				F834F6B5160763F600BA8F43 /* Default-568h@2x.png */,
				F8596002160B6468003578B8 /* Scrubber.png */,
				F834F6C21607659E00BA8F43 /* Settings.bundle */,
			);
			name = "Supporting Files";
			sourceTree = "<group>";
		};
/* End PBXGroup section */

/* Begin PBXNativeTarget section */
		F834F69A160763F500BA8F43 /* FrenchToast */ = {
			isa = PBXNativeTarget;
			buildConfigurationList = F834F6BF160763F600BA8F43 /* Build configuration list for PBXNativeTarget "FrenchToast" */;
			buildPhases = (
				F834F697160763F500BA8F43 /* Sources */,
				F834F698160763F500BA8F43 /* Frameworks */,
				F834F699160763F500BA8F43 /* Resources */,
			);
			buildRules = (
			);
			dependencies = (
			);
			name = FrenchToast;
			productName = FrenchToast;
			productReference = F834F69B160763F600BA8F43 /* FrenchToast.app */;
			productType = "com.apple.product-type.application";
		};
/* End PBXNativeTarget section */

/* Begin PBXProject section */
		F834F692160763F500BA8F43 /* Project object */ = {
			isa = PBXProject;
			attributes = {
				LastUpgradeCheck = 0450;
				ORGANIZATIONNAME = "Stefan Arentz";
			};
			buildConfigurationList = F834F695160763F500BA8F43 /* Build configuration list for PBXProject "FrenchToast" */;
			compatibilityVersion = "Xcode 3.2";
			developmentRegion = English;
			hasScannedForEncodings = 0;
			knownRegions = (
				en,
			);
			mainGroup = F834F690160763F500BA8F43;
			productRefGroup = F834F69C160763F600BA8F43 /* Products */;
			projectDirPath = "";
			projectRoot = "";
			targets = (
				F834F69A160763F500BA8F43 /* FrenchToast */,
			);
		};
/* End PBXProject section */

/* Begin PBXResourcesBuildPhase section */
		F834F699160763F500BA8F43 /* Resources */ = {
			isa = PBXResourcesBuildPhase;
			buildActionMask = 2147483647;
			files = (
				F834F6AA160763F600BA8F43 /* InfoPlist.strings in Resources */,
				F834F6B2160763F600BA8F43 /* Default.png in Resources */,
				F834F6B4160763F600BA8F43 /* Default@2x.png in Resources */,
				F834F6B6160763F600BA8F43 /* Default-568h@2x.png in Resources */,
				F834F6BC160763F600BA8F43 /* ViewController.xib in Resources */,
				F834F6C31607659E00BA8F43 /* Settings.bundle in Resources */,
				F8596003160B6468003578B8 /* Scrubber.png in Resources */,
				F8596009160B730C003578B8 /* WebViewController.xib in Resources */,
			);
			runOnlyForDeploymentPostprocessing = 0;
		};
/* End PBXResourcesBuildPhase section */

/* Begin PBXSourcesBuildPhase section */
		F834F697160763F500BA8F43 /* Sources */ = {
			isa = PBXSourcesBuildPhase;
			buildActionMask = 2147483647;
			files = (
				F834F6AC160763F600BA8F43 /* main.m in Sources */,
				F834F6B0160763F600BA8F43 /* AppDelegate.m in Sources */,
				F834F6B9160763F600BA8F43 /* ViewController.m in Sources */,
				F834F6D11607A2AB00BA8F43 /* PancakeURLProtocol.m in Sources */,
				F8596008160B730C003578B8 /* WebViewController.m in Sources */,
			);
			runOnlyForDeploymentPostprocessing = 0;
		};
/* End PBXSourcesBuildPhase section */

/* Begin PBXVariantGroup section */
		F834F6A8160763F600BA8F43 /* InfoPlist.strings */ = {
			isa = PBXVariantGroup;
			children = (
				F834F6A9160763F600BA8F43 /* en */,
			);
			name = InfoPlist.strings;
			sourceTree = "<group>";
		};
		F834F6BA160763F600BA8F43 /* ViewController.xib */ = {
			isa = PBXVariantGroup;
			children = (
				F834F6BB160763F600BA8F43 /* en */,
			);
			name = ViewController.xib;
			sourceTree = "<group>";
		};
/* End PBXVariantGroup section */

/* Begin XCBuildConfiguration section */
		E4864322160B87690013A4E5 /* Enterprise */ = {
			isa = XCBuildConfiguration;
			buildSettings = {
				ALWAYS_SEARCH_USER_PATHS = NO;
				CLANG_CXX_LANGUAGE_STANDARD = "gnu++0x";
				CLANG_CXX_LIBRARY = "libc++";
				CLANG_WARN_EMPTY_BODY = YES;
				CLANG_WARN__DUPLICATE_METHOD_MATCH = YES;
				"CODE_SIGN_IDENTITY[sdk=iphoneos*]" = "iPhone Developer";
				COPY_PHASE_STRIP = NO;
				GCC_C_LANGUAGE_STANDARD = gnu99;
				GCC_DYNAMIC_NO_PIC = NO;
				GCC_OPTIMIZATION_LEVEL = 0;
				GCC_PREPROCESSOR_DEFINITIONS = (
					"DEBUG=1",
					"$(inherited)",
				);
				GCC_SYMBOLS_PRIVATE_EXTERN = NO;
				GCC_WARN_ABOUT_RETURN_TYPE = YES;
				GCC_WARN_UNINITIALIZED_AUTOS = YES;
				GCC_WARN_UNUSED_VARIABLE = YES;
				IPHONEOS_DEPLOYMENT_TARGET = 5.1;
				SDKROOT = iphoneos;
				TARGETED_DEVICE_FAMILY = 2;
			};
			name = Enterprise;
		};
		E4864323160B87690013A4E5 /* Enterprise */ = {
			isa = XCBuildConfiguration;
			buildSettings = {
				"CODE_SIGN_IDENTITY[sdk=iphoneos*]" = "iPhone Distribution";
				GCC_PRECOMPILE_PREFIX_HEADER = YES;
				GCC_PREFIX_HEADER = "FrenchToast/FrenchToast-Prefix.pch";
				INFOPLIST_FILE = "FrenchToast/FrenchToast-Info.plist";
				PRODUCT_NAME = "$(TARGET_NAME)";
				"PROVISIONING_PROFILE[sdk=iphoneos*]" = "";
				WRAPPER_EXTENSION = app;
			};
			name = Enterprise;
		};
		F834F6BD160763F600BA8F43 /* Debug */ = {
			isa = XCBuildConfiguration;
			buildSettings = {
				ALWAYS_SEARCH_USER_PATHS = NO;
				CLANG_CXX_LANGUAGE_STANDARD = "gnu++0x";
				CLANG_CXX_LIBRARY = "libc++";
				CLANG_WARN_EMPTY_BODY = YES;
				CLANG_WARN__DUPLICATE_METHOD_MATCH = YES;
				"CODE_SIGN_IDENTITY[sdk=iphoneos*]" = "iPhone Developer";
				COPY_PHASE_STRIP = NO;
				GCC_C_LANGUAGE_STANDARD = gnu99;
				GCC_DYNAMIC_NO_PIC = NO;
				GCC_OPTIMIZATION_LEVEL = 0;
				GCC_PREPROCESSOR_DEFINITIONS = (
					"DEBUG=1",
					"$(inherited)",
				);
				GCC_SYMBOLS_PRIVATE_EXTERN = NO;
				GCC_WARN_ABOUT_RETURN_TYPE = YES;
				GCC_WARN_UNINITIALIZED_AUTOS = YES;
				GCC_WARN_UNUSED_VARIABLE = YES;
				IPHONEOS_DEPLOYMENT_TARGET = 5.1;
				SDKROOT = iphoneos;
				TARGETED_DEVICE_FAMILY = 2;
			};
			name = Debug;
		};
		F834F6BE160763F600BA8F43 /* Release */ = {
			isa = XCBuildConfiguration;
			buildSettings = {
				ALWAYS_SEARCH_USER_PATHS = NO;
				CLANG_CXX_LANGUAGE_STANDARD = "gnu++0x";
				CLANG_CXX_LIBRARY = "libc++";
				CLANG_WARN_EMPTY_BODY = YES;
				CLANG_WARN__DUPLICATE_METHOD_MATCH = YES;
				"CODE_SIGN_IDENTITY[sdk=iphoneos*]" = "iPhone Developer";
				COPY_PHASE_STRIP = YES;
				GCC_C_LANGUAGE_STANDARD = gnu99;
				GCC_WARN_ABOUT_RETURN_TYPE = YES;
				GCC_WARN_UNINITIALIZED_AUTOS = YES;
				GCC_WARN_UNUSED_VARIABLE = YES;
				IPHONEOS_DEPLOYMENT_TARGET = 5.1;
				OTHER_CFLAGS = "-DNS_BLOCK_ASSERTIONS=1";
				SDKROOT = iphoneos;
				TARGETED_DEVICE_FAMILY = 2;
				VALIDATE_PRODUCT = YES;
			};
			name = Release;
		};
		F834F6C0160763F600BA8F43 /* Debug */ = {
			isa = XCBuildConfiguration;
			buildSettings = {
				GCC_PRECOMPILE_PREFIX_HEADER = YES;
				GCC_PREFIX_HEADER = "FrenchToast/FrenchToast-Prefix.pch";
				INFOPLIST_FILE = "FrenchToast/FrenchToast-Info.plist";
				PRODUCT_NAME = "$(TARGET_NAME)";
				WRAPPER_EXTENSION = app;
			};
			name = Debug;
		};
		F834F6C1160763F600BA8F43 /* Release */ = {
			isa = XCBuildConfiguration;
			buildSettings = {
				GCC_PRECOMPILE_PREFIX_HEADER = YES;
				GCC_PREFIX_HEADER = "FrenchToast/FrenchToast-Prefix.pch";
				INFOPLIST_FILE = "FrenchToast/FrenchToast-Info.plist";
				PRODUCT_NAME = "$(TARGET_NAME)";
				WRAPPER_EXTENSION = app;
			};
			name = Release;
		};
/* End XCBuildConfiguration section */

/* Begin XCConfigurationList section */
		F834F695160763F500BA8F43 /* Build configuration list for PBXProject "FrenchToast" */ = {
			isa = XCConfigurationList;
			buildConfigurations = (
				F834F6BD160763F600BA8F43 /* Debug */,
				E4864322160B87690013A4E5 /* Enterprise */,
				F834F6BE160763F600BA8F43 /* Release */,
			);
			defaultConfigurationIsVisible = 0;
			defaultConfigurationName = Release;
		};
		F834F6BF160763F600BA8F43 /* Build configuration list for PBXNativeTarget "FrenchToast" */ = {
			isa = XCConfigurationList;
			buildConfigurations = (
				F834F6C0160763F600BA8F43 /* Debug */,
				E4864323160B87690013A4E5 /* Enterprise */,
				F834F6C1160763F600BA8F43 /* Release */,
			);
			defaultConfigurationIsVisible = 0;
			defaultConfigurationName = Release;
		};
/* End XCConfigurationList section */
	};
	rootObject = F834F692160763F500BA8F43 /* Project object */;
}
